
Microsoft Visual Studio Solution File, Format Version 12.00
# Visual Studio Version 17
VisualStudioVersion = 17.5.002.0
MinimumVisualStudioVersion = 10.0.40219.1
Project("{9A19103F-16F7-4668-BE54-9A1E7A4F7556}") = "BlazorApp", "BlazorApp.csproj", "{8318F174-2C74-4F16-840F-179EFD16E673}"
EndProject
Global
	GlobalSection(SolutionConfigurationPlatforms) = preSolution
		Debug|Any CPU = Debug|Any CPU
		Release|Any CPU = Release|Any CPU
	EndGlobalSection
	GlobalSection(ProjectConfigurationPlatforms) = postSolution
		{8318F174-2C74-4F16-840F-179EFD16E673}.Debug|Any CPU.ActiveCfg = Debug|Any CPU
		{8318F174-2C74-4F16-840F-179EFD16E673}.Debug|Any CPU.Build.0 = Debug|Any CPU
		{8318F174-2C74-4F16-840F-179EFD16E673}.Release|Any CPU.ActiveCfg = Release|Any CPU
		{8318F174-2C74-4F16-840F-179EFD16E673}.Release|Any CPU.Build.0 = Release|Any CPU
	EndGlobalSection
	GlobalSection(SolutionProperties) = preSolution
		HideSolutionNode = FALSE
	EndGlobalSection
	GlobalSection(ExtensibilityGlobals) = postSolution
		SolutionGuid = {A99548EA-577D-4626-9BDE-F0393E3E2B6D}
	EndGlobalSection
EndGlobal
